// !$*UTF8*$!
{
	archiveVersion = 1;
	classes = {
	};
	objectVersion = 46;
	objects = {

/* Begin PBXBuildFile section */
		A90093931AD38BC200F18A3A /* UIColor+UIColor_ToHex.m in Sources */ = {isa = PBXBuildFile; fileRef = A90093921AD38BC200F18A3A /* UIColor+UIColor_ToHex.m */; };
		A90093971AD3ABDE00F18A3A /* ColorSearchResultCell.m in Sources */ = {isa = PBXBuildFile; fileRef = A90093961AD3ABDE00F18A3A /* ColorSearchResultCell.m */; };
		A90981901AC100BA00914DC3 /* main.m in Sources */ = {isa = PBXBuildFile; fileRef = A909818F1AC100BA00914DC3 /* main.m */; };
		A90981931AC100BA00914DC3 /* AppDelegate.m in Sources */ = {isa = PBXBuildFile; fileRef = A90981921AC100BA00914DC3 /* AppDelegate.m */; };
		A90981961AC100BA00914DC3 /* ViewController.m in Sources */ = {isa = PBXBuildFile; fileRef = A90981951AC100BA00914DC3 /* ViewController.m */; };
		A90981991AC100BA00914DC3 /* Main.storyboard in Resources */ = {isa = PBXBuildFile; fileRef = A90981971AC100BA00914DC3 /* Main.storyboard */; };
		A909819B1AC100BA00914DC3 /* Images.xcassets in Resources */ = {isa = PBXBuildFile; fileRef = A909819A1AC100BA00914DC3 /* Images.xcassets */; };
		A909819E1AC100BA00914DC3 /* LaunchScreen.xib in Resources */ = {isa = PBXBuildFile; fileRef = A909819C1AC100BA00914DC3 /* LaunchScreen.xib */; };
		A90981AA1AC100BA00914DC3 /* VisenzeDemoTests.m in Sources */ = {isa = PBXBuildFile; fileRef = A90981A91AC100BA00914DC3 /* VisenzeDemoTests.m */; };
		A94083181ADB6E29008F8D14 /* NSString+HMAC_SHA1.m in Sources */ = {isa = PBXBuildFile; fileRef = A94082F91ADB6E29008F8D14 /* NSString+HMAC_SHA1.m */; };
		A94083191ADB6E29008F8D14 /* ViSearchAPI.m in Sources */ = {isa = PBXBuildFile; fileRef = A94082FB1ADB6E29008F8D14 /* ViSearchAPI.m */; };
		A940831A1ADB6E29008F8D14 /* BaseSearchParams.m in Sources */ = {isa = PBXBuildFile; fileRef = A94082FE1ADB6E29008F8D14 /* BaseSearchParams.m */; };
		A940831B1ADB6E29008F8D14 /* Box.m in Sources */ = {isa = PBXBuildFile; fileRef = A94083001ADB6E29008F8D14 /* Box.m */; };
		A940831C1ADB6E29008F8D14 /* ColorSearchParams.m in Sources */ = {isa = PBXBuildFile; fileRef = A94083021ADB6E29008F8D14 /* ColorSearchParams.m */; };
		A940831D1ADB6E29008F8D14 /* ImageSettings.m in Sources */ = {isa = PBXBuildFile; fileRef = A94083041ADB6E29008F8D14 /* ImageSettings.m */; };
		A940831E1ADB6E29008F8D14 /* SearchParams.m in Sources */ = {isa = PBXBuildFile; fileRef = A94083061ADB6E29008F8D14 /* SearchParams.m */; };
		A940831F1ADB6E29008F8D14 /* UploadSearchParams.m in Sources */ = {isa = PBXBuildFile; fileRef = A94083081ADB6E29008F8D14 /* UploadSearchParams.m */; };
		A94083201ADB6E29008F8D14 /* ViSearchBasicHandler.m in Sources */ = {isa = PBXBuildFile; fileRef = A940830A1ADB6E29008F8D14 /* ViSearchBasicHandler.m */; };
		A94083211ADB6E29008F8D14 /* ViSearchClient.m in Sources */ = {isa = PBXBuildFile; fileRef = A940830C1ADB6E29008F8D14 /* ViSearchClient.m */; };
		A94083221ADB6E29008F8D14 /* ViSearchHandler.m in Sources */ = {isa = PBXBuildFile; fileRef = A940830E1ADB6E29008F8D14 /* ViSearchHandler.m */; };
		A94083231ADB6E29008F8D14 /* ViSearchImageUploadHandler.m in Sources */ = {isa = PBXBuildFile; fileRef = A94083101ADB6E29008F8D14 /* ViSearchImageUploadHandler.m */; };
		A94083241ADB6E29008F8D14 /* ImageResult.m in Sources */ = {isa = PBXBuildFile; fileRef = A94083131ADB6E29008F8D14 /* ImageResult.m */; };
		A94083251ADB6E29008F8D14 /* ViSearchError.m in Sources */ = {isa = PBXBuildFile; fileRef = A94083151ADB6E29008F8D14 /* ViSearchError.m */; };
		A94083261ADB6E29008F8D14 /* ViSearchResult.m in Sources */ = {isa = PBXBuildFile; fileRef = A94083171ADB6E29008F8D14 /* ViSearchResult.m */; };
		A940832A1ADBA39D008F8D14 /* SearchClient.m in Sources */ = {isa = PBXBuildFile; fileRef = A94083291ADBA39D008F8D14 /* SearchClient.m */; };
		A952726F1AC128A600D66958 /* CameraOverlayViewController.m in Sources */ = {isa = PBXBuildFile; fileRef = A952726E1AC128A600D66958 /* CameraOverlayViewController.m */; };
		A95272711AC147B300D66958 /* ImageIO.framework in Frameworks */ = {isa = PBXBuildFile; fileRef = A95272701AC147B300D66958 /* ImageIO.framework */; };
		A95272731AC147BD00D66958 /* CoreVideo.framework in Frameworks */ = {isa = PBXBuildFile; fileRef = A95272721AC147BD00D66958 /* CoreVideo.framework */; };
		A95272751AC147C200D66958 /* CoreMedia.framework in Frameworks */ = {isa = PBXBuildFile; fileRef = A95272741AC147C200D66958 /* CoreMedia.framework */; };
		A9BFB8A01AD291B900474D5E /* ColorSearchViewController.m in Sources */ = {isa = PBXBuildFile; fileRef = A9BFB89F1AD291B900474D5E /* ColorSearchViewController.m */; };
		A9C22E4F1AC2A11D00135879 /* ImageCropViewController.m in Sources */ = {isa = PBXBuildFile; fileRef = A9C22E4E1AC2A11D00135879 /* ImageCropViewController.m */; };
		A9C22E521AC2B1D300135879 /* scaler.png in Resources */ = {isa = PBXBuildFile; fileRef = A9C22E511AC2B1D300135879 /* scaler.png */; };
/* End PBXBuildFile section */

/* Begin PBXContainerItemProxy section */
		A90981A41AC100BA00914DC3 /* PBXContainerItemProxy */ = {
			isa = PBXContainerItemProxy;
			containerPortal = A90981821AC100BA00914DC3 /* Project object */;
			proxyType = 1;
			remoteGlobalIDString = A90981891AC100BA00914DC3;
			remoteInfo = VisenzeDemo;
		};
/* End PBXContainerItemProxy section */

/* Begin PBXFileReference section */
		A90093911AD38BC200F18A3A /* UIColor+UIColor_ToHex.h */ = {isa = PBXFileReference; fileEncoding = 4; lastKnownFileType = sourcecode.c.h; path = "UIColor+UIColor_ToHex.h"; sourceTree = "<group>"; };
		A90093921AD38BC200F18A3A /* UIColor+UIColor_ToHex.m */ = {isa = PBXFileReference; fileEncoding = 4; lastKnownFileType = sourcecode.c.objc; path = "UIColor+UIColor_ToHex.m"; sourceTree = "<group>"; };
		A90093951AD3ABDE00F18A3A /* ColorSearchResultCell.h */ = {isa = PBXFileReference; fileEncoding = 4; lastKnownFileType = sourcecode.c.h; path = ColorSearchResultCell.h; sourceTree = "<group>"; };
		A90093961AD3ABDE00F18A3A /* ColorSearchResultCell.m */ = {isa = PBXFileReference; fileEncoding = 4; lastKnownFileType = sourcecode.c.objc; path = ColorSearchResultCell.m; sourceTree = "<group>"; };
		A909818A1AC100BA00914DC3 /* VisenzeDemo.app */ = {isa = PBXFileReference; explicitFileType = wrapper.application; includeInIndex = 0; path = VisenzeDemo.app; sourceTree = BUILT_PRODUCTS_DIR; };
		A909818E1AC100BA00914DC3 /* Info.plist */ = {isa = PBXFileReference; lastKnownFileType = text.plist.xml; path = Info.plist; sourceTree = "<group>"; };
		A909818F1AC100BA00914DC3 /* main.m */ = {isa = PBXFileReference; lastKnownFileType = sourcecode.c.objc; path = main.m; sourceTree = "<group>"; };
		A90981911AC100BA00914DC3 /* AppDelegate.h */ = {isa = PBXFileReference; lastKnownFileType = sourcecode.c.h; path = AppDelegate.h; sourceTree = "<group>"; };
		A90981921AC100BA00914DC3 /* AppDelegate.m */ = {isa = PBXFileReference; lastKnownFileType = sourcecode.c.objc; path = AppDelegate.m; sourceTree = "<group>"; };
		A90981941AC100BA00914DC3 /* ViewController.h */ = {isa = PBXFileReference; lastKnownFileType = sourcecode.c.h; path = ViewController.h; sourceTree = "<group>"; };
		A90981951AC100BA00914DC3 /* ViewController.m */ = {isa = PBXFileReference; lastKnownFileType = sourcecode.c.objc; path = ViewController.m; sourceTree = "<group>"; };
		A90981981AC100BA00914DC3 /* Base */ = {isa = PBXFileReference; lastKnownFileType = file.storyboard; name = Base; path = Base.lproj/Main.storyboard; sourceTree = "<group>"; };
		A909819A1AC100BA00914DC3 /* Images.xcassets */ = {isa = PBXFileReference; lastKnownFileType = folder.assetcatalog; path = Images.xcassets; sourceTree = "<group>"; };
		A909819D1AC100BA00914DC3 /* Base */ = {isa = PBXFileReference; lastKnownFileType = file.xib; name = Base; path = Base.lproj/LaunchScreen.xib; sourceTree = "<group>"; };
		A90981A31AC100BA00914DC3 /* VisenzeDemoTests.xctest */ = {isa = PBXFileReference; explicitFileType = wrapper.cfbundle; includeInIndex = 0; path = VisenzeDemoTests.xctest; sourceTree = BUILT_PRODUCTS_DIR; };
		A90981A81AC100BA00914DC3 /* Info.plist */ = {isa = PBXFileReference; lastKnownFileType = text.plist.xml; path = Info.plist; sourceTree = "<group>"; };
		A90981A91AC100BA00914DC3 /* VisenzeDemoTests.m */ = {isa = PBXFileReference; lastKnownFileType = sourcecode.c.objc; path = VisenzeDemoTests.m; sourceTree = "<group>"; };
		A94082F81ADB6E29008F8D14 /* NSString+HMAC_SHA1.h */ = {isa = PBXFileReference; fileEncoding = 4; lastKnownFileType = sourcecode.c.h; path = "NSString+HMAC_SHA1.h"; sourceTree = "<group>"; };
		A94082F91ADB6E29008F8D14 /* NSString+HMAC_SHA1.m */ = {isa = PBXFileReference; fileEncoding = 4; lastKnownFileType = sourcecode.c.objc; path = "NSString+HMAC_SHA1.m"; sourceTree = "<group>"; };
		A94082FA1ADB6E29008F8D14 /* ViSearchAPI.h */ = {isa = PBXFileReference; fileEncoding = 4; lastKnownFileType = sourcecode.c.h; path = ViSearchAPI.h; sourceTree = "<group>"; };
		A94082FB1ADB6E29008F8D14 /* ViSearchAPI.m */ = {isa = PBXFileReference; fileEncoding = 4; lastKnownFileType = sourcecode.c.objc; path = ViSearchAPI.m; sourceTree = "<group>"; };
		A94082FD1ADB6E29008F8D14 /* BaseSearchParams.h */ = {isa = PBXFileReference; fileEncoding = 4; lastKnownFileType = sourcecode.c.h; path = BaseSearchParams.h; sourceTree = "<group>"; };
		A94082FE1ADB6E29008F8D14 /* BaseSearchParams.m */ = {isa = PBXFileReference; fileEncoding = 4; lastKnownFileType = sourcecode.c.objc; path = BaseSearchParams.m; sourceTree = "<group>"; };
		A94082FF1ADB6E29008F8D14 /* Box.h */ = {isa = PBXFileReference; fileEncoding = 4; lastKnownFileType = sourcecode.c.h; path = Box.h; sourceTree = "<group>"; };
		A94083001ADB6E29008F8D14 /* Box.m */ = {isa = PBXFileReference; fileEncoding = 4; lastKnownFileType = sourcecode.c.objc; path = Box.m; sourceTree = "<group>"; };
		A94083011ADB6E29008F8D14 /* ColorSearchParams.h */ = {isa = PBXFileReference; fileEncoding = 4; lastKnownFileType = sourcecode.c.h; path = ColorSearchParams.h; sourceTree = "<group>"; };
		A94083021ADB6E29008F8D14 /* ColorSearchParams.m */ = {isa = PBXFileReference; fileEncoding = 4; lastKnownFileType = sourcecode.c.objc; path = ColorSearchParams.m; sourceTree = "<group>"; };
		A94083031ADB6E29008F8D14 /* ImageSettings.h */ = {isa = PBXFileReference; fileEncoding = 4; lastKnownFileType = sourcecode.c.h; path = ImageSettings.h; sourceTree = "<group>"; };
		A94083041ADB6E29008F8D14 /* ImageSettings.m */ = {isa = PBXFileReference; fileEncoding = 4; lastKnownFileType = sourcecode.c.objc; path = ImageSettings.m; sourceTree = "<group>"; };
		A94083051ADB6E29008F8D14 /* SearchParams.h */ = {isa = PBXFileReference; fileEncoding = 4; lastKnownFileType = sourcecode.c.h; path = SearchParams.h; sourceTree = "<group>"; };
		A94083061ADB6E29008F8D14 /* SearchParams.m */ = {isa = PBXFileReference; fileEncoding = 4; lastKnownFileType = sourcecode.c.objc; path = SearchParams.m; sourceTree = "<group>"; };
		A94083071ADB6E29008F8D14 /* UploadSearchParams.h */ = {isa = PBXFileReference; fileEncoding = 4; lastKnownFileType = sourcecode.c.h; path = UploadSearchParams.h; sourceTree = "<group>"; };
		A94083081ADB6E29008F8D14 /* UploadSearchParams.m */ = {isa = PBXFileReference; fileEncoding = 4; lastKnownFileType = sourcecode.c.objc; path = UploadSearchParams.m; sourceTree = "<group>"; };
		A94083091ADB6E29008F8D14 /* ViSearchBasicHandler.h */ = {isa = PBXFileReference; fileEncoding = 4; lastKnownFileType = sourcecode.c.h; path = ViSearchBasicHandler.h; sourceTree = "<group>"; };
		A940830A1ADB6E29008F8D14 /* ViSearchBasicHandler.m */ = {isa = PBXFileReference; fileEncoding = 4; lastKnownFileType = sourcecode.c.objc; path = ViSearchBasicHandler.m; sourceTree = "<group>"; };
		A940830B1ADB6E29008F8D14 /* ViSearchClient.h */ = {isa = PBXFileReference; fileEncoding = 4; lastKnownFileType = sourcecode.c.h; path = ViSearchClient.h; sourceTree = "<group>"; };
		A940830C1ADB6E29008F8D14 /* ViSearchClient.m */ = {isa = PBXFileReference; fileEncoding = 4; lastKnownFileType = sourcecode.c.objc; path = ViSearchClient.m; sourceTree = "<group>"; };
		A940830D1ADB6E29008F8D14 /* ViSearchHandler.h */ = {isa = PBXFileReference; fileEncoding = 4; lastKnownFileType = sourcecode.c.h; path = ViSearchHandler.h; sourceTree = "<group>"; };
		A940830E1ADB6E29008F8D14 /* ViSearchHandler.m */ = {isa = PBXFileReference; fileEncoding = 4; lastKnownFileType = sourcecode.c.objc; path = ViSearchHandler.m; sourceTree = "<group>"; };
		A940830F1ADB6E29008F8D14 /* ViSearchImageUploadHandler.h */ = {isa = PBXFileReference; fileEncoding = 4; lastKnownFileType = sourcecode.c.h; path = ViSearchImageUploadHandler.h; sourceTree = "<group>"; };
		A94083101ADB6E29008F8D14 /* ViSearchImageUploadHandler.m */ = {isa = PBXFileReference; fileEncoding = 4; lastKnownFileType = sourcecode.c.objc; path = ViSearchImageUploadHandler.m; sourceTree = "<group>"; };
		A94083121ADB6E29008F8D14 /* ImageResult.h */ = {isa = PBXFileReference; fileEncoding = 4; lastKnownFileType = sourcecode.c.h; path = ImageResult.h; sourceTree = "<group>"; };
		A94083131ADB6E29008F8D14 /* ImageResult.m */ = {isa = PBXFileReference; fileEncoding = 4; lastKnownFileType = sourcecode.c.objc; path = ImageResult.m; sourceTree = "<group>"; };
		A94083141ADB6E29008F8D14 /* ViSearchError.h */ = {isa = PBXFileReference; fileEncoding = 4; lastKnownFileType = sourcecode.c.h; path = ViSearchError.h; sourceTree = "<group>"; };
		A94083151ADB6E29008F8D14 /* ViSearchError.m */ = {isa = PBXFileReference; fileEncoding = 4; lastKnownFileType = sourcecode.c.objc; path = ViSearchError.m; sourceTree = "<group>"; };
		A94083161ADB6E29008F8D14 /* ViSearchResult.h */ = {isa = PBXFileReference; fileEncoding = 4; lastKnownFileType = sourcecode.c.h; path = ViSearchResult.h; sourceTree = "<group>"; };
		A94083171ADB6E29008F8D14 /* ViSearchResult.m */ = {isa = PBXFileReference; fileEncoding = 4; lastKnownFileType = sourcecode.c.objc; path = ViSearchResult.m; sourceTree = "<group>"; };
		A94083281ADBA39D008F8D14 /* SearchClient.h */ = {isa = PBXFileReference; fileEncoding = 4; lastKnownFileType = sourcecode.c.h; path = SearchClient.h; sourceTree = "<group>"; };
		A94083291ADBA39D008F8D14 /* SearchClient.m */ = {isa = PBXFileReference; fileEncoding = 4; lastKnownFileType = sourcecode.c.objc; path = SearchClient.m; sourceTree = "<group>"; };
		A952726D1AC128A600D66958 /* CameraOverlayViewController.h */ = {isa = PBXFileReference; fileEncoding = 4; lastKnownFileType = sourcecode.c.h; path = CameraOverlayViewController.h; sourceTree = "<group>"; };
		A952726E1AC128A600D66958 /* CameraOverlayViewController.m */ = {isa = PBXFileReference; fileEncoding = 4; lastKnownFileType = sourcecode.c.objc; path = CameraOverlayViewController.m; sourceTree = "<group>"; };
		A95272701AC147B300D66958 /* ImageIO.framework */ = {isa = PBXFileReference; lastKnownFileType = wrapper.framework; name = ImageIO.framework; path = System/Library/Frameworks/ImageIO.framework; sourceTree = SDKROOT; };
		A95272721AC147BD00D66958 /* CoreVideo.framework */ = {isa = PBXFileReference; lastKnownFileType = wrapper.framework; name = CoreVideo.framework; path = System/Library/Frameworks/CoreVideo.framework; sourceTree = SDKROOT; };
		A95272741AC147C200D66958 /* CoreMedia.framework */ = {isa = PBXFileReference; lastKnownFileType = wrapper.framework; name = CoreMedia.framework; path = System/Library/Frameworks/CoreMedia.framework; sourceTree = SDKROOT; };
		A9BFB89E1AD291B900474D5E /* ColorSearchViewController.h */ = {isa = PBXFileReference; fileEncoding = 4; lastKnownFileType = sourcecode.c.h; path = ColorSearchViewController.h; sourceTree = "<group>"; };
		A9BFB89F1AD291B900474D5E /* ColorSearchViewController.m */ = {isa = PBXFileReference; fileEncoding = 4; lastKnownFileType = sourcecode.c.objc; path = ColorSearchViewController.m; sourceTree = "<group>"; };
		A9C22E4D1AC2A11D00135879 /* ImageCropViewController.h */ = {isa = PBXFileReference; fileEncoding = 4; lastKnownFileType = sourcecode.c.h; path = ImageCropViewController.h; sourceTree = "<group>"; };
		A9C22E4E1AC2A11D00135879 /* ImageCropViewController.m */ = {isa = PBXFileReference; fileEncoding = 4; lastKnownFileType = sourcecode.c.objc; path = ImageCropViewController.m; sourceTree = "<group>"; };
		A9C22E511AC2B1D300135879 /* scaler.png */ = {isa = PBXFileReference; lastKnownFileType = image.png; path = scaler.png; sourceTree = "<group>"; };
/* End PBXFileReference section */

/* Begin PBXFrameworksBuildPhase section */
		A90981871AC100BA00914DC3 /* Frameworks */ = {
			isa = PBXFrameworksBuildPhase;
			buildActionMask = 2147483647;
			files = (
				A95272751AC147C200D66958 /* CoreMedia.framework in Frameworks */,
				A95272731AC147BD00D66958 /* CoreVideo.framework in Frameworks */,
				A95272711AC147B300D66958 /* ImageIO.framework in Frameworks */,
			);
			runOnlyForDeploymentPostprocessing = 0;
		};
		A90981A01AC100BA00914DC3 /* Frameworks */ = {
			isa = PBXFrameworksBuildPhase;
			buildActionMask = 2147483647;
			files = (
			);
			runOnlyForDeploymentPostprocessing = 0;
		};
/* End PBXFrameworksBuildPhase section */

/* Begin PBXGroup section */
		A90093941AD38C1000F18A3A /* misc */ = {
			isa = PBXGroup;
			children = (
				A90093911AD38BC200F18A3A /* UIColor+UIColor_ToHex.h */,
				A90093921AD38BC200F18A3A /* UIColor+UIColor_ToHex.m */,
			);
			name = misc;
			sourceTree = "<group>";
		};
		A90093981AD3ABE300F18A3A /* CustomizedCell */ = {
			isa = PBXGroup;
			children = (
				A90093951AD3ABDE00F18A3A /* ColorSearchResultCell.h */,
				A90093961AD3ABDE00F18A3A /* ColorSearchResultCell.m */,
			);
			name = CustomizedCell;
			sourceTree = "<group>";
		};
		A90981811AC100BA00914DC3 = {
			isa = PBXGroup;
			children = (
				A95272741AC147C200D66958 /* CoreMedia.framework */,
				A95272721AC147BD00D66958 /* CoreVideo.framework */,
				A95272701AC147B300D66958 /* ImageIO.framework */,
				A909818C1AC100BA00914DC3 /* VisenzeDemo */,
				A94082F61ADB6E29008F8D14 /* ViSearchSDK */,
				A90981A61AC100BA00914DC3 /* VisenzeDemoTests */,
				A909818B1AC100BA00914DC3 /* Products */,
			);
			sourceTree = "<group>";
		};
		A909818B1AC100BA00914DC3 /* Products */ = {
			isa = PBXGroup;
			children = (
				A909818A1AC100BA00914DC3 /* VisenzeDemo.app */,
				A90981A31AC100BA00914DC3 /* VisenzeDemoTests.xctest */,
			);
			name = Products;
			sourceTree = "<group>";
		};
		A909818C1AC100BA00914DC3 /* VisenzeDemo */ = {
			isa = PBXGroup;
			children = (
				A94083271ADBA37C008F8D14 /* SearchClient */,
				A90093941AD38C1000F18A3A /* misc */,
				A9C22E501AC2B1B900135879 /* Res */,
				A9C22E4C1AC2A0F700135879 /* ViewControllers */,
				A90981911AC100BA00914DC3 /* AppDelegate.h */,
				A90981921AC100BA00914DC3 /* AppDelegate.m */,
				A90981941AC100BA00914DC3 /* ViewController.h */,
				A90981951AC100BA00914DC3 /* ViewController.m */,
				A90981971AC100BA00914DC3 /* Main.storyboard */,
				A909819A1AC100BA00914DC3 /* Images.xcassets */,
				A909819C1AC100BA00914DC3 /* LaunchScreen.xib */,
				A909818D1AC100BA00914DC3 /* Supporting Files */,
			);
			path = VisenzeDemo;
			sourceTree = "<group>";
		};
		A909818D1AC100BA00914DC3 /* Supporting Files */ = {
			isa = PBXGroup;
			children = (
				A909818E1AC100BA00914DC3 /* Info.plist */,
				A909818F1AC100BA00914DC3 /* main.m */,
			);
			name = "Supporting Files";
			sourceTree = "<group>";
		};
		A90981A61AC100BA00914DC3 /* VisenzeDemoTests */ = {
			isa = PBXGroup;
			children = (
				A90981A91AC100BA00914DC3 /* VisenzeDemoTests.m */,
				A90981A71AC100BA00914DC3 /* Supporting Files */,
			);
			path = VisenzeDemoTests;
			sourceTree = "<group>";
		};
		A90981A71AC100BA00914DC3 /* Supporting Files */ = {
			isa = PBXGroup;
			children = (
				A90981A81AC100BA00914DC3 /* Info.plist */,
			);
			name = "Supporting Files";
			sourceTree = "<group>";
		};
		A94082F61ADB6E29008F8D14 /* ViSearchSDK */ = {
			isa = PBXGroup;
			children = (
				A94082F71ADB6E29008F8D14 /* HMAC_SHA1 */,
				A94082FA1ADB6E29008F8D14 /* ViSearchAPI.h */,
				A94082FB1ADB6E29008F8D14 /* ViSearchAPI.m */,
				A94082FC1ADB6E29008F8D14 /* ViSearchAPISource */,
				A94083111ADB6E29008F8D14 /* ViSearchResult */,
			);
			path = ViSearchSDK;
			sourceTree = "<group>";
		};
		A94082F71ADB6E29008F8D14 /* HMAC_SHA1 */ = {
			isa = PBXGroup;
			children = (
				A94082F81ADB6E29008F8D14 /* NSString+HMAC_SHA1.h */,
				A94082F91ADB6E29008F8D14 /* NSString+HMAC_SHA1.m */,
			);
			path = HMAC_SHA1;
			sourceTree = "<group>";
		};
		A94082FC1ADB6E29008F8D14 /* ViSearchAPISource */ = {
			isa = PBXGroup;
			children = (
				A94082FD1ADB6E29008F8D14 /* BaseSearchParams.h */,
				A94082FE1ADB6E29008F8D14 /* BaseSearchParams.m */,
				A94082FF1ADB6E29008F8D14 /* Box.h */,
				A94083001ADB6E29008F8D14 /* Box.m */,
				A94083011ADB6E29008F8D14 /* ColorSearchParams.h */,
				A94083021ADB6E29008F8D14 /* ColorSearchParams.m */,
				A94083031ADB6E29008F8D14 /* ImageSettings.h */,
				A94083041ADB6E29008F8D14 /* ImageSettings.m */,
				A94083051ADB6E29008F8D14 /* SearchParams.h */,
				A94083061ADB6E29008F8D14 /* SearchParams.m */,
				A94083071ADB6E29008F8D14 /* UploadSearchParams.h */,
				A94083081ADB6E29008F8D14 /* UploadSearchParams.m */,
				A94083091ADB6E29008F8D14 /* ViSearchBasicHandler.h */,
				A940830A1ADB6E29008F8D14 /* ViSearchBasicHandler.m */,
				A940830B1ADB6E29008F8D14 /* ViSearchClient.h */,
				A940830C1ADB6E29008F8D14 /* ViSearchClient.m */,
				A940830D1ADB6E29008F8D14 /* ViSearchHandler.h */,
				A940830E1ADB6E29008F8D14 /* ViSearchHandler.m */,
				A940830F1ADB6E29008F8D14 /* ViSearchImageUploadHandler.h */,
				A94083101ADB6E29008F8D14 /* ViSearchImageUploadHandler.m */,
			);
			path = ViSearchAPISource;
			sourceTree = "<group>";
		};
		A94083111ADB6E29008F8D14 /* ViSearchResult */ = {
			isa = PBXGroup;
			children = (
				A94083121ADB6E29008F8D14 /* ImageResult.h */,
				A94083131ADB6E29008F8D14 /* ImageResult.m */,
				A94083141ADB6E29008F8D14 /* ViSearchError.h */,
				A94083151ADB6E29008F8D14 /* ViSearchError.m */,
				A94083161ADB6E29008F8D14 /* ViSearchResult.h */,
				A94083171ADB6E29008F8D14 /* ViSearchResult.m */,
			);
			path = ViSearchResult;
			sourceTree = "<group>";
		};
		A94083271ADBA37C008F8D14 /* SearchClient */ = {
			isa = PBXGroup;
			children = (
				A94083281ADBA39D008F8D14 /* SearchClient.h */,
				A94083291ADBA39D008F8D14 /* SearchClient.m */,
			);
			name = SearchClient;
			sourceTree = "<group>";
		};
		A9C22E4C1AC2A0F700135879 /* ViewControllers */ = {
			isa = PBXGroup;
			children = (
				A90093981AD3ABE300F18A3A /* CustomizedCell */,
				A952726D1AC128A600D66958 /* CameraOverlayViewController.h */,
				A952726E1AC128A600D66958 /* CameraOverlayViewController.m */,
				A9C22E4D1AC2A11D00135879 /* ImageCropViewController.h */,
				A9C22E4E1AC2A11D00135879 /* ImageCropViewController.m */,
				A9BFB89E1AD291B900474D5E /* ColorSearchViewController.h */,
				A9BFB89F1AD291B900474D5E /* ColorSearchViewController.m */,
			);
			name = ViewControllers;
			sourceTree = "<group>";
		};
		A9C22E501AC2B1B900135879 /* Res */ = {
			isa = PBXGroup;
			children = (
				A9C22E511AC2B1D300135879 /* scaler.png */,
			);
			name = Res;
			sourceTree = "<group>";
		};
/* End PBXGroup section */

/* Begin PBXNativeTarget section */
		A90981891AC100BA00914DC3 /* VisenzeDemo */ = {
			isa = PBXNativeTarget;
			buildConfigurationList = A90981AD1AC100BA00914DC3 /* Build configuration list for PBXNativeTarget "VisenzeDemo" */;
			buildPhases = (
				A90981861AC100BA00914DC3 /* Sources */,
				A90981871AC100BA00914DC3 /* Frameworks */,
				A90981881AC100BA00914DC3 /* Resources */,
			);
			buildRules = (
			);
			dependencies = (
			);
			name = VisenzeDemo;
			productName = VisenzeDemo;
			productReference = A909818A1AC100BA00914DC3 /* VisenzeDemo.app */;
			productType = "com.apple.product-type.application";
		};
		A90981A21AC100BA00914DC3 /* VisenzeDemoTests */ = {
			isa = PBXNativeTarget;
			buildConfigurationList = A90981B01AC100BA00914DC3 /* Build configuration list for PBXNativeTarget "VisenzeDemoTests" */;
			buildPhases = (
				A909819F1AC100BA00914DC3 /* Sources */,
				A90981A01AC100BA00914DC3 /* Frameworks */,
				A90981A11AC100BA00914DC3 /* Resources */,
			);
			buildRules = (
			);
			dependencies = (
				A90981A51AC100BA00914DC3 /* PBXTargetDependency */,
			);
			name = VisenzeDemoTests;
			productName = VisenzeDemoTests;
			productReference = A90981A31AC100BA00914DC3 /* VisenzeDemoTests.xctest */;
			productType = "com.apple.product-type.bundle.unit-test";
		};
/* End PBXNativeTarget section */

/* Begin PBXProject section */
		A90981821AC100BA00914DC3 /* Project object */ = {
			isa = PBXProject;
			attributes = {
				LastUpgradeCheck = 0610;
				ORGANIZATIONNAME = Visenze;
				TargetAttributes = {
					A90981891AC100BA00914DC3 = {
						CreatedOnToolsVersion = 6.1.1;
						DevelopmentTeam = Y532GX4NWP;
					};
					A90981A21AC100BA00914DC3 = {
						CreatedOnToolsVersion = 6.1.1;
						TestTargetID = A90981891AC100BA00914DC3;
					};
				};
			};
			buildConfigurationList = A90981851AC100BA00914DC3 /* Build configuration list for PBXProject "VisenzeDemo" */;
			compatibilityVersion = "Xcode 3.2";
			developmentRegion = English;
			hasScannedForEncodings = 0;
			knownRegions = (
				en,
				Base,
			);
			mainGroup = A90981811AC100BA00914DC3;
			productRefGroup = A909818B1AC100BA00914DC3 /* Products */;
			projectDirPath = "";
			projectRoot = "";
			targets = (
				A90981891AC100BA00914DC3 /* VisenzeDemo */,
				A90981A21AC100BA00914DC3 /* VisenzeDemoTests */,
			);
		};
/* End PBXProject section */

/* Begin PBXResourcesBuildPhase section */
		A90981881AC100BA00914DC3 /* Resources */ = {
			isa = PBXResourcesBuildPhase;
			buildActionMask = 2147483647;
			files = (
				A90981991AC100BA00914DC3 /* Main.storyboard in Resources */,
				A909819E1AC100BA00914DC3 /* LaunchScreen.xib in Resources */,
				A909819B1AC100BA00914DC3 /* Images.xcassets in Resources */,
				A9C22E521AC2B1D300135879 /* scaler.png in Resources */,
			);
			runOnlyForDeploymentPostprocessing = 0;
		};
		A90981A11AC100BA00914DC3 /* Resources */ = {
			isa = PBXResourcesBuildPhase;
			buildActionMask = 2147483647;
			files = (
			);
			runOnlyForDeploymentPostprocessing = 0;
		};
/* End PBXResourcesBuildPhase section */

/* Begin PBXSourcesBuildPhase section */
		A90981861AC100BA00914DC3 /* Sources */ = {
			isa = PBXSourcesBuildPhase;
			buildActionMask = 2147483647;
			files = (
				A940831D1ADB6E29008F8D14 /* ImageSettings.m in Sources */,
				A94083251ADB6E29008F8D14 /* ViSearchError.m in Sources */,
				A9BFB8A01AD291B900474D5E /* ColorSearchViewController.m in Sources */,
				A94083231ADB6E29008F8D14 /* ViSearchImageUploadHandler.m in Sources */,
				A940831E1ADB6E29008F8D14 /* SearchParams.m in Sources */,
				A94083261ADB6E29008F8D14 /* ViSearchResult.m in Sources */,
				A90981961AC100BA00914DC3 /* ViewController.m in Sources */,
				A90981931AC100BA00914DC3 /* AppDelegate.m in Sources */,
				A952726F1AC128A600D66958 /* CameraOverlayViewController.m in Sources */,
				A90981901AC100BA00914DC3 /* main.m in Sources */,
				A94083191ADB6E29008F8D14 /* ViSearchAPI.m in Sources */,
				A94083181ADB6E29008F8D14 /* NSString+HMAC_SHA1.m in Sources */,
				A94083241ADB6E29008F8D14 /* ImageResult.m in Sources */,
				A940831C1ADB6E29008F8D14 /* ColorSearchParams.m in Sources */,
				A940832A1ADBA39D008F8D14 /* SearchClient.m in Sources */,
				A9C22E4F1AC2A11D00135879 /* ImageCropViewController.m in Sources */,
				A90093931AD38BC200F18A3A /* UIColor+UIColor_ToHex.m in Sources */,
				A940831B1ADB6E29008F8D14 /* Box.m in Sources */,
				A94083221ADB6E29008F8D14 /* ViSearchHandler.m in Sources */,
				A90093971AD3ABDE00F18A3A /* ColorSearchResultCell.m in Sources */,
				A94083201ADB6E29008F8D14 /* ViSearchBasicHandler.m in Sources */,
				A940831F1ADB6E29008F8D14 /* UploadSearchParams.m in Sources */,
				A940831A1ADB6E29008F8D14 /* BaseSearchParams.m in Sources */,
				A94083211ADB6E29008F8D14 /* ViSearchClient.m in Sources */,
			);
			runOnlyForDeploymentPostprocessing = 0;
		};
		A909819F1AC100BA00914DC3 /* Sources */ = {
			isa = PBXSourcesBuildPhase;
			buildActionMask = 2147483647;
			files = (
				A90981AA1AC100BA00914DC3 /* VisenzeDemoTests.m in Sources */,
			);
			runOnlyForDeploymentPostprocessing = 0;
		};
/* End PBXSourcesBuildPhase section */

/* Begin PBXTargetDependency section */
		A90981A51AC100BA00914DC3 /* PBXTargetDependency */ = {
			isa = PBXTargetDependency;
			target = A90981891AC100BA00914DC3 /* VisenzeDemo */;
			targetProxy = A90981A41AC100BA00914DC3 /* PBXContainerItemProxy */;
		};
/* End PBXTargetDependency section */

/* Begin PBXVariantGroup section */
		A90981971AC100BA00914DC3 /* Main.storyboard */ = {
			isa = PBXVariantGroup;
			children = (
				A90981981AC100BA00914DC3 /* Base */,
			);
			name = Main.storyboard;
			sourceTree = "<group>";
		};
		A909819C1AC100BA00914DC3 /* LaunchScreen.xib */ = {
			isa = PBXVariantGroup;
			children = (
				A909819D1AC100BA00914DC3 /* Base */,
			);
			name = LaunchScreen.xib;
			sourceTree = "<group>";
		};
/* End PBXVariantGroup section */

/* Begin XCBuildConfiguration section */
		A90981AB1AC100BA00914DC3 /* Debug */ = {
			isa = XCBuildConfiguration;
			buildSettings = {
				ALWAYS_SEARCH_USER_PATHS = NO;
				CLANG_CXX_LANGUAGE_STANDARD = "gnu++0x";
				CLANG_CXX_LIBRARY = "libc++";
				CLANG_ENABLE_MODULES = YES;
				CLANG_ENABLE_OBJC_ARC = YES;
				CLANG_WARN_BOOL_CONVERSION = YES;
				CLANG_WARN_CONSTANT_CONVERSION = YES;
				CLANG_WARN_DIRECT_OBJC_ISA_USAGE = YES_ERROR;
				CLANG_WARN_EMPTY_BODY = YES;
				CLANG_WARN_ENUM_CONVERSION = YES;
				CLANG_WARN_INT_CONVERSION = YES;
				CLANG_WARN_OBJC_ROOT_CLASS = YES_ERROR;
				CLANG_WARN_UNREACHABLE_CODE = YES;
				CLANG_WARN__DUPLICATE_METHOD_MATCH = YES;
				"CODE_SIGN_IDENTITY[sdk=iphoneos*]" = "iPhone Developer";
				COPY_PHASE_STRIP = NO;
				ENABLE_STRICT_OBJC_MSGSEND = YES;
				GCC_C_LANGUAGE_STANDARD = gnu99;
				GCC_DYNAMIC_NO_PIC = NO;
				GCC_OPTIMIZATION_LEVEL = 0;
				GCC_PREPROCESSOR_DEFINITIONS = (
					"DEBUG=1",
					"$(inherited)",
				);
				GCC_SYMBOLS_PRIVATE_EXTERN = NO;
				GCC_WARN_64_TO_32_BIT_CONVERSION = YES;
				GCC_WARN_ABOUT_RETURN_TYPE = YES_ERROR;
				GCC_WARN_UNDECLARED_SELECTOR = YES;
				GCC_WARN_UNINITIALIZED_AUTOS = YES_AGGRESSIVE;
				GCC_WARN_UNUSED_FUNCTION = YES;
				GCC_WARN_UNUSED_VARIABLE = YES;
				IPHONEOS_DEPLOYMENT_TARGET = 8.1;
				MTL_ENABLE_DEBUG_INFO = YES;
				ONLY_ACTIVE_ARCH = YES;
				SDKROOT = iphoneos;
				TARGETED_DEVICE_FAMILY = "1,2";
			};
			name = Debug;
		};
		A90981AC1AC100BA00914DC3 /* Release */ = {
			isa = XCBuildConfiguration;
			buildSettings = {
				ALWAYS_SEARCH_USER_PATHS = NO;
				CLANG_CXX_LANGUAGE_STANDARD = "gnu++0x";
				CLANG_CXX_LIBRARY = "libc++";
				CLANG_ENABLE_MODULES = YES;
				CLANG_ENABLE_OBJC_ARC = YES;
				CLANG_WARN_BOOL_CONVERSION = YES;
				CLANG_WARN_CONSTANT_CONVERSION = YES;
				CLANG_WARN_DIRECT_OBJC_ISA_USAGE = YES_ERROR;
				CLANG_WARN_EMPTY_BODY = YES;
				CLANG_WARN_ENUM_CONVERSION = YES;
				CLANG_WARN_INT_CONVERSION = YES;
				CLANG_WARN_OBJC_ROOT_CLASS = YES_ERROR;
				CLANG_WARN_UNREACHABLE_CODE = YES;
				CLANG_WARN__DUPLICATE_METHOD_MATCH = YES;
				"CODE_SIGN_IDENTITY[sdk=iphoneos*]" = "iPhone Developer";
				COPY_PHASE_STRIP = YES;
				ENABLE_NS_ASSERTIONS = NO;
				ENABLE_STRICT_OBJC_MSGSEND = YES;
				GCC_C_LANGUAGE_STANDARD = gnu99;
				GCC_WARN_64_TO_32_BIT_CONVERSION = YES;
				GCC_WARN_ABOUT_RETURN_TYPE = YES_ERROR;
				GCC_WARN_UNDECLARED_SELECTOR = YES;
				GCC_WARN_UNINITIALIZED_AUTOS = YES_AGGRESSIVE;
				GCC_WARN_UNUSED_FUNCTION = YES;
				GCC_WARN_UNUSED_VARIABLE = YES;
				IPHONEOS_DEPLOYMENT_TARGET = 8.1;
				MTL_ENABLE_DEBUG_INFO = NO;
				SDKROOT = iphoneos;
				TARGETED_DEVICE_FAMILY = "1,2";
				VALIDATE_PRODUCT = YES;
			};
			name = Release;
		};
		A90981AE1AC100BA00914DC3 /* Debug */ = {
			isa = XCBuildConfiguration;
			buildSettings = {
				ASSETCATALOG_COMPILER_APPICON_NAME = AppIcon;
				CODE_SIGN_IDENTITY = "iPhone Developer";
				"CODE_SIGN_IDENTITY[sdk=iphoneos*]" = "iPhone Developer";
				INFOPLIST_FILE = VisenzeDemo/Info.plist;
				LD_RUNPATH_SEARCH_PATHS = "$(inherited) @executable_path/Frameworks";
				PRODUCT_NAME = "$(TARGET_NAME)";
				PROVISIONING_PROFILE = "";
			};
			name = Debug;
		};
		A90981AF1AC100BA00914DC3 /* Release */ = {
			isa = XCBuildConfiguration;
			buildSettings = {
				ASSETCATALOG_COMPILER_APPICON_NAME = AppIcon;
				CODE_SIGN_IDENTITY = "iPhone Developer";
				"CODE_SIGN_IDENTITY[sdk=iphoneos*]" = "iPhone Developer";
				INFOPLIST_FILE = VisenzeDemo/Info.plist;
				LD_RUNPATH_SEARCH_PATHS = "$(inherited) @executable_path/Frameworks";
				PRODUCT_NAME = "$(TARGET_NAME)";
				PROVISIONING_PROFILE = "";
			};
			name = Release;
		};
		A90981B11AC100BA00914DC3 /* Debug */ = {
			isa = XCBuildConfiguration;
			buildSettings = {
				BUNDLE_LOADER = "$(TEST_HOST)";
				FRAMEWORK_SEARCH_PATHS = (
					"$(SDKROOT)/Developer/Library/Frameworks",
					"$(inherited)",
				);
				GCC_PREPROCESSOR_DEFINITIONS = (
					"DEBUG=1",
					"$(inherited)",
				);
				INFOPLIST_FILE = VisenzeDemoTests/Info.plist;
				LD_RUNPATH_SEARCH_PATHS = "$(inherited) @executable_path/Frameworks @loader_path/Frameworks";
				PRODUCT_NAME = "$(TARGET_NAME)";
				TEST_HOST = "$(BUILT_PRODUCTS_DIR)/VisenzeDemo.app/VisenzeDemo";
			};
			name = Debug;
		};
		A90981B21AC100BA00914DC3 /* Release */ = {
			isa = XCBuildConfiguration;
			buildSettings = {
				BUNDLE_LOADER = "$(TEST_HOST)";
				FRAMEWORK_SEARCH_PATHS = (
					"$(SDKROOT)/Developer/Library/Frameworks",
					"$(inherited)",
				);
				INFOPLIST_FILE = VisenzeDemoTests/Info.plist;
				LD_RUNPATH_SEARCH_PATHS = "$(inherited) @executable_path/Frameworks @loader_path/Frameworks";
				PRODUCT_NAME = "$(TARGET_NAME)";
				TEST_HOST = "$(BUILT_PRODUCTS_DIR)/VisenzeDemo.app/VisenzeDemo";
			};
			name = Release;
		};
/* End XCBuildConfiguration section */

/* Begin XCConfigurationList section */
		A90981851AC100BA00914DC3 /* Build configuration list for PBXProject "VisenzeDemo" */ = {
			isa = XCConfigurationList;
			buildConfigurations = (
				A90981AB1AC100BA00914DC3 /* Debug */,
				A90981AC1AC100BA00914DC3 /* Release */,
			);
			defaultConfigurationIsVisible = 0;
			defaultConfigurationName = Release;
		};
		A90981AD1AC100BA00914DC3 /* Build configuration list for PBXNativeTarget "VisenzeDemo" */ = {
			isa = XCConfigurationList;
			buildConfigurations = (
				A90981AE1AC100BA00914DC3 /* Debug */,
				A90981AF1AC100BA00914DC3 /* Release */,
			);
			defaultConfigurationIsVisible = 0;
			defaultConfigurationName = Release;
		};
		A90981B01AC100BA00914DC3 /* Build configuration list for PBXNativeTarget "VisenzeDemoTests" */ = {
			isa = XCConfigurationList;
			buildConfigurations = (
				A90981B11AC100BA00914DC3 /* Debug */,
				A90981B21AC100BA00914DC3 /* Release */,
			);
			defaultConfigurationIsVisible = 0;
			defaultConfigurationName = Release;
		};
/* End XCConfigurationList section */
	};
	rootObject = A90981821AC100BA00914DC3 /* Project object */;
}
